
Microsoft Visual Studio Solution File, Format Version 12.00
# Visual Studio Version 16
VisualStudioVersion = 16.0.31205.134
MinimumVisualStudioVersion = 10.0.40219.1
Project("{FAE04EC0-301F-11D3-BF4B-00C04F79EFBC}") = "GestionAbonnesFilmsLibrary", "GestionAbonnesFilmsLibrary\GestionAbonnesFilmsLibrary.csproj", "{7C19D97D-A5CC-40C1-9EB2-21C0CE4D8882}"
EndProject
Global
	GlobalSection(SolutionConfigurationPlatforms) = preSolution
		Debug|Any CPU = Debug|Any CPU
		Release|Any CPU = Release|Any CPU
	EndGlobalSection
	GlobalSection(ProjectConfigurationPlatforms) = postSolution
		{7C19D97D-A5CC-40C1-9EB2-21C0CE4D8882}.Debug|Any CPU.ActiveCfg = Debug|Any CPU
		{7C19D97D-A5CC-40C1-9EB2-21C0CE4D8882}.Debug|Any CPU.Build.0 = Debug|Any CPU
		{7C19D97D-A5CC-40C1-9EB2-21C0CE4D8882}.Release|Any CPU.ActiveCfg = Release|Any CPU
		{7C19D97D-A5CC-40C1-9EB2-21C0CE4D8882}.Release|Any CPU.Build.0 = Release|Any CPU
	EndGlobalSection
	GlobalSection(SolutionProperties) = preSolution
		HideSolutionNode = FALSE
	EndGlobalSection
	GlobalSection(ExtensibilityGlobals) = postSolution
		SolutionGuid = {3DCBCECF-16F8-4822-83C3-F7E4B4BF4499}
	EndGlobalSection
EndGlobal
